github.com/lucadinidue/shared-paper-library v0.0.0-20260402105627-c85b86faa16a h1:J60PzMmpIbiHhbWPdbkF1+7FDtMOVtUTlIPY22YC14s=
github.com/lucadinidue/shared-paper-library v0.0.0-20260402105627-c85b86faa16a/go.mod h1:SSpb8gCrRRvEMxR81RDN1A7qAnhRFwKlLjWsVL9zQ9Q=
github.com/lucadinidue/shared-paper-library v0.0.0-20260424105516-ac5234e6efa6 h1:PVgaK/HPBKA0Jt9GRmMVIHjBOoTFFagfc6AcPqChMOY=
github.com/lucadinidue/shared-paper-library v0.0.0-20260424105516-ac5234e6efa6/go.mod h1:SSpb8gCrRRvEMxR81RDN1A7qAnhRFwKlLjWsVL9zQ9Q=
